
Microsoft Visual Studio Solution File, Format Version 12.00
# Visual Studio Version 16
VisualStudioVersion = 16.0.30804.86
MinimumVisualStudioVersion = 10.0.40219.1
Project("{FAE04EC0-301F-11D3-BF4B-00C04F79EFBC}") = "PedidosApi_Web", "PedidosApi_Web.csproj", "{C9350596-7C6C-4E19-B9C3-1D1D577D6275}"
EndProject
Global
	GlobalSection(SolutionConfigurationPlatforms) = preSolution
		Debug|Any CPU = Debug|Any CPU
		Release|Any CPU = Release|Any CPU
	EndGlobalSection
	GlobalSection(ProjectConfigurationPlatforms) = postSolution
		{C9350596-7C6C-4E19-B9C3-1D1D577D6275}.Debug|Any CPU.ActiveCfg = Debug|Any CPU
		{C9350596-7C6C-4E19-B9C3-1D1D577D6275}.Debug|Any CPU.Build.0 = Debug|Any CPU
		{C9350596-7C6C-4E19-B9C3-1D1D577D6275}.Release|Any CPU.ActiveCfg = Release|Any CPU
		{C9350596-7C6C-4E19-B9C3-1D1D577D6275}.Release|Any CPU.Build.0 = Release|Any CPU
	EndGlobalSection
	GlobalSection(SolutionProperties) = preSolution
		HideSolutionNode = FALSE
	EndGlobalSection
	GlobalSection(ExtensibilityGlobals) = postSolution
		SolutionGuid = {E9F54A61-551D-4B36-8A59-787926D24940}
	EndGlobalSection
EndGlobal
